// !$*UTF8*$!
{
	archiveVersion = 1;
	classes = {
	};
	objectVersion = 46;
	objects = {

/* Begin PBXBuildFile section */
		3133C2A818F21AC3007EA4D6 /* mapTab.png in Resources */ = {isa = PBXBuildFile; fileRef = 3133C2A718F21AC3007EA4D6 /* mapTab.png */; };
		313FFDEC18DE2ACC0014F30D /* Foundation.framework in Frameworks */ = {isa = PBXBuildFile; fileRef = 313FFDEB18DE2ACC0014F30D /* Foundation.framework */; };
		313FFDEE18DE2ACC0014F30D /* CoreGraphics.framework in Frameworks */ = {isa = PBXBuildFile; fileRef = 313FFDED18DE2ACC0014F30D /* CoreGraphics.framework */; };
		313FFDF018DE2ACC0014F30D /* UIKit.framework in Frameworks */ = {isa = PBXBuildFile; fileRef = 313FFDEF18DE2ACC0014F30D /* UIKit.framework */; };
		313FFDF618DE2ACC0014F30D /* InfoPlist.strings in Resources */ = {isa = PBXBuildFile; fileRef = 313FFDF418DE2ACC0014F30D /* InfoPlist.strings */; };
		313FFDF818DE2ACC0014F30D /* main.m in Sources */ = {isa = PBXBuildFile; fileRef = 313FFDF718DE2ACC0014F30D /* main.m */; };
		313FFDFC18DE2ACC0014F30D /* SLAppDelegate.m in Sources */ = {isa = PBXBuildFile; fileRef = 313FFDFB18DE2ACC0014F30D /* SLAppDelegate.m */; };
		313FFDFE18DE2ACC0014F30D /* Images.xcassets in Resources */ = {isa = PBXBuildFile; fileRef = 313FFDFD18DE2ACC0014F30D /* Images.xcassets */; };
		313FFE0518DE2ACC0014F30D /* XCTest.framework in Frameworks */ = {isa = PBXBuildFile; fileRef = 313FFE0418DE2ACC0014F30D /* XCTest.framework */; };
		313FFE0618DE2ACC0014F30D /* Foundation.framework in Frameworks */ = {isa = PBXBuildFile; fileRef = 313FFDEB18DE2ACC0014F30D /* Foundation.framework */; };
		313FFE0718DE2ACC0014F30D /* UIKit.framework in Frameworks */ = {isa = PBXBuildFile; fileRef = 313FFDEF18DE2ACC0014F30D /* UIKit.framework */; };
		313FFE0F18DE2ACC0014F30D /* InfoPlist.strings in Resources */ = {isa = PBXBuildFile; fileRef = 313FFE0D18DE2ACC0014F30D /* InfoPlist.strings */; };
		313FFE1118DE2ACC0014F30D /* ShoppingListTests.m in Sources */ = {isa = PBXBuildFile; fileRef = 313FFE1018DE2ACC0014F30D /* ShoppingListTests.m */; };
		313FFE1C18DE2B190014F30D /* SLListViewController.m in Sources */ = {isa = PBXBuildFile; fileRef = 313FFE1B18DE2B190014F30D /* SLListViewController.m */; };
		313FFE1F18DE2C420014F30D /* SLItem.m in Sources */ = {isa = PBXBuildFile; fileRef = 313FFE1E18DE2C420014F30D /* SLItem.m */; };
		313FFE2518DE43090014F30D /* SLAddItemViewController.m in Sources */ = {isa = PBXBuildFile; fileRef = 313FFE2318DE43090014F30D /* SLAddItemViewController.m */; };
		313FFE2618DE43090014F30D /* SLAddItemViewController.xib in Resources */ = {isa = PBXBuildFile; fileRef = 313FFE2418DE43090014F30D /* SLAddItemViewController.xib */; };
		313FFE2A18DE52030014F30D /* SLEditItemViewController.m in Sources */ = {isa = PBXBuildFile; fileRef = 313FFE2818DE52030014F30D /* SLEditItemViewController.m */; };
		313FFE2B18DE52030014F30D /* SLEditItemViewController.xib in Resources */ = {isa = PBXBuildFile; fileRef = 313FFE2918DE52030014F30D /* SLEditItemViewController.xib */; };
		313FFE2E18DE5DD90014F30D /* SLShoppingListViewController.m in Sources */ = {isa = PBXBuildFile; fileRef = 313FFE2D18DE5DD90014F30D /* SLShoppingListViewController.m */; };
		3140B4C118F32DC80011A237 /* SLMapViewController.m in Sources */ = {isa = PBXBuildFile; fileRef = 3140B4BF18F32DC80011A237 /* SLMapViewController.m */; };
		3140B4C218F32DC80011A237 /* SLMapViewController.xib in Resources */ = {isa = PBXBuildFile; fileRef = 3140B4C018F32DC80011A237 /* SLMapViewController.xib */; };
		3140B4CA18F32E780011A237 /* MapKit.framework in Frameworks */ = {isa = PBXBuildFile; fileRef = 3140B4C918F32E780011A237 /* MapKit.framework */; };
		3140B4CC18F32E800011A237 /* CoreLocation.framework in Frameworks */ = {isa = PBXBuildFile; fileRef = 3140B4CB18F32E800011A237 /* CoreLocation.framework */; };
		31D522EC18EADFD4006F1CC7 /* itemsTab.png in Resources */ = {isa = PBXBuildFile; fileRef = 31D522EB18EADFD4006F1CC7 /* itemsTab.png */; };
		31D522EE18EAE037006F1CC7 /* shoplistTab.png in Resources */ = {isa = PBXBuildFile; fileRef = 31D522ED18EAE037006F1CC7 /* shoplistTab.png */; };
/* End PBXBuildFile section */

/* Begin PBXContainerItemProxy section */
		313FFE0818DE2ACC0014F30D /* PBXContainerItemProxy */ = {
			isa = PBXContainerItemProxy;
			containerPortal = 313FFDE018DE2ACC0014F30D /* Project object */;
			proxyType = 1;
			remoteGlobalIDString = 313FFDE718DE2ACC0014F30D;
			remoteInfo = ShoppingList;
		};
/* End PBXContainerItemProxy section */

/* Begin PBXFileReference section */
		3133C2A718F21AC3007EA4D6 /* mapTab.png */ = {isa = PBXFileReference; lastKnownFileType = image.png; path = mapTab.png; sourceTree = "<group>"; };
		313FFDE818DE2ACC0014F30D /* ShoppingList.app */ = {isa = PBXFileReference; explicitFileType = wrapper.application; includeInIndex = 0; path = ShoppingList.app; sourceTree = BUILT_PRODUCTS_DIR; };
		313FFDEB18DE2ACC0014F30D /* Foundation.framework */ = {isa = PBXFileReference; lastKnownFileType = wrapper.framework; name = Foundation.framework; path = System/Library/Frameworks/Foundation.framework; sourceTree = SDKROOT; };
		313FFDED18DE2ACC0014F30D /* CoreGraphics.framework */ = {isa = PBXFileReference; lastKnownFileType = wrapper.framework; name = CoreGraphics.framework; path = System/Library/Frameworks/CoreGraphics.framework; sourceTree = SDKROOT; };
		313FFDEF18DE2ACC0014F30D /* UIKit.framework */ = {isa = PBXFileReference; lastKnownFileType = wrapper.framework; name = UIKit.framework; path = System/Library/Frameworks/UIKit.framework; sourceTree = SDKROOT; };
		313FFDF318DE2ACC0014F30D /* ShoppingList-Info.plist */ = {isa = PBXFileReference; lastKnownFileType = text.plist.xml; path = "ShoppingList-Info.plist"; sourceTree = "<group>"; };
		313FFDF518DE2ACC0014F30D /* en */ = {isa = PBXFileReference; lastKnownFileType = text.plist.strings; name = en; path = en.lproj/InfoPlist.strings; sourceTree = "<group>"; };
		313FFDF718DE2ACC0014F30D /* main.m */ = {isa = PBXFileReference; lastKnownFileType = sourcecode.c.objc; path = main.m; sourceTree = "<group>"; };
		313FFDF918DE2ACC0014F30D /* ShoppingList-Prefix.pch */ = {isa = PBXFileReference; lastKnownFileType = sourcecode.c.h; path = "ShoppingList-Prefix.pch"; sourceTree = "<group>"; };
		313FFDFA18DE2ACC0014F30D /* SLAppDelegate.h */ = {isa = PBXFileReference; lastKnownFileType = sourcecode.c.h; path = SLAppDelegate.h; sourceTree = "<group>"; };
		313FFDFB18DE2ACC0014F30D /* SLAppDelegate.m */ = {isa = PBXFileReference; lastKnownFileType = sourcecode.c.objc; path = SLAppDelegate.m; sourceTree = "<group>"; };
		313FFDFD18DE2ACC0014F30D /* Images.xcassets */ = {isa = PBXFileReference; lastKnownFileType = folder.assetcatalog; path = Images.xcassets; sourceTree = "<group>"; };
		313FFE0318DE2ACC0014F30D /* ShoppingListTests.xctest */ = {isa = PBXFileReference; explicitFileType = wrapper.cfbundle; includeInIndex = 0; path = ShoppingListTests.xctest; sourceTree = BUILT_PRODUCTS_DIR; };
		313FFE0418DE2ACC0014F30D /* XCTest.framework */ = {isa = PBXFileReference; lastKnownFileType = wrapper.framework; name = XCTest.framework; path = Library/Frameworks/XCTest.framework; sourceTree = DEVELOPER_DIR; };
		313FFE0C18DE2ACC0014F30D /* ShoppingListTests-Info.plist */ = {isa = PBXFileReference; lastKnownFileType = text.plist.xml; path = "ShoppingListTests-Info.plist"; sourceTree = "<group>"; };
		313FFE0E18DE2ACC0014F30D /* en */ = {isa = PBXFileReference; lastKnownFileType = text.plist.strings; name = en; path = en.lproj/InfoPlist.strings; sourceTree = "<group>"; };
		313FFE1018DE2ACC0014F30D /* ShoppingListTests.m */ = {isa = PBXFileReference; lastKnownFileType = sourcecode.c.objc; path = ShoppingListTests.m; sourceTree = "<group>"; };
		313FFE1A18DE2B190014F30D /* SLListViewController.h */ = {isa = PBXFileReference; fileEncoding = 4; lastKnownFileType = sourcecode.c.h; name = SLListViewController.h; path = ../SLListViewController.h; sourceTree = "<group>"; };
		313FFE1B18DE2B190014F30D /* SLListViewController.m */ = {isa = PBXFileReference; fileEncoding = 4; lastKnownFileType = sourcecode.c.objc; name = SLListViewController.m; path = ../SLListViewController.m; sourceTree = "<group>"; };
		313FFE1D18DE2C420014F30D /* SLItem.h */ = {isa = PBXFileReference; fileEncoding = 4; lastKnownFileType = sourcecode.c.h; path = SLItem.h; sourceTree = "<group>"; };
		313FFE1E18DE2C420014F30D /* SLItem.m */ = {isa = PBXFileReference; fileEncoding = 4; lastKnownFileType = sourcecode.c.objc; path = SLItem.m; sourceTree = "<group>"; };
		313FFE2218DE43090014F30D /* SLAddItemViewController.h */ = {isa = PBXFileReference; fileEncoding = 4; lastKnownFileType = sourcecode.c.h; path = SLAddItemViewController.h; sourceTree = "<group>"; };
		313FFE2318DE43090014F30D /* SLAddItemViewController.m */ = {isa = PBXFileReference; fileEncoding = 4; lastKnownFileType = sourcecode.c.objc; path = SLAddItemViewController.m; sourceTree = "<group>"; };
		313FFE2418DE43090014F30D /* SLAddItemViewController.xib */ = {isa = PBXFileReference; fileEncoding = 4; lastKnownFileType = file.xib; path = SLAddItemViewController.xib; sourceTree = "<group>"; };
		313FFE2718DE52030014F30D /* SLEditItemViewController.h */ = {isa = PBXFileReference; fileEncoding = 4; lastKnownFileType = sourcecode.c.h; path = SLEditItemViewController.h; sourceTree = "<group>"; };
		313FFE2818DE52030014F30D /* SLEditItemViewController.m */ = {isa = PBXFileReference; fileEncoding = 4; lastKnownFileType = sourcecode.c.objc; path = SLEditItemViewController.m; sourceTree = "<group>"; };
		313FFE2918DE52030014F30D /* SLEditItemViewController.xib */ = {isa = PBXFileReference; fileEncoding = 4; lastKnownFileType = file.xib; path = SLEditItemViewController.xib; sourceTree = "<group>"; };
		313FFE2C18DE5DD90014F30D /* SLShoppingListViewController.h */ = {isa = PBXFileReference; fileEncoding = 4; lastKnownFileType = sourcecode.c.h; path = SLShoppingListViewController.h; sourceTree = "<group>"; };
		313FFE2D18DE5DD90014F30D /* SLShoppingListViewController.m */ = {isa = PBXFileReference; fileEncoding = 4; lastKnownFileType = sourcecode.c.objc; path = SLShoppingListViewController.m; sourceTree = "<group>"; };
		3140B4BE18F32DC80011A237 /* SLMapViewController.h */ = {isa = PBXFileReference; fileEncoding = 4; lastKnownFileType = sourcecode.c.h; path = SLMapViewController.h; sourceTree = "<group>"; };
		3140B4BF18F32DC80011A237 /* SLMapViewController.m */ = {isa = PBXFileReference; fileEncoding = 4; lastKnownFileType = sourcecode.c.objc; path = SLMapViewController.m; sourceTree = "<group>"; };
		3140B4C018F32DC80011A237 /* SLMapViewController.xib */ = {isa = PBXFileReference; fileEncoding = 4; lastKnownFileType = file.xib; path = SLMapViewController.xib; sourceTree = "<group>"; };
		3140B4C918F32E780011A237 /* MapKit.framework */ = {isa = PBXFileReference; lastKnownFileType = wrapper.framework; name = MapKit.framework; path = System/Library/Frameworks/MapKit.framework; sourceTree = SDKROOT; };
		3140B4CB18F32E800011A237 /* CoreLocation.framework */ = {isa = PBXFileReference; lastKnownFileType = wrapper.framework; name = CoreLocation.framework; path = System/Library/Frameworks/CoreLocation.framework; sourceTree = SDKROOT; };
		31D522EB18EADFD4006F1CC7 /* itemsTab.png */ = {isa = PBXFileReference; lastKnownFileType = image.png; path = itemsTab.png; sourceTree = "<group>"; };
		31D522ED18EAE037006F1CC7 /* shoplistTab.png */ = {isa = PBXFileReference; lastKnownFileType = image.png; path = shoplistTab.png; sourceTree = "<group>"; };
/* End PBXFileReference section */

/* Begin PBXFrameworksBuildPhase section */
		313FFDE518DE2ACC0014F30D /* Frameworks */ = {
			isa = PBXFrameworksBuildPhase;
			buildActionMask = 2147483647;
			files = (
				3140B4CC18F32E800011A237 /* CoreLocation.framework in Frameworks */,
				3140B4CA18F32E780011A237 /* MapKit.framework in Frameworks */,
				313FFDEE18DE2ACC0014F30D /* CoreGraphics.framework in Frameworks */,
				313FFDF018DE2ACC0014F30D /* UIKit.framework in Frameworks */,
				313FFDEC18DE2ACC0014F30D /* Foundation.framework in Frameworks */,
			);
			runOnlyForDeploymentPostprocessing = 0;
		};
		313FFE0018DE2ACC0014F30D /* Frameworks */ = {
			isa = PBXFrameworksBuildPhase;
			buildActionMask = 2147483647;
			files = (
				313FFE0518DE2ACC0014F30D /* XCTest.framework in Frameworks */,
				313FFE0718DE2ACC0014F30D /* UIKit.framework in Frameworks */,
				313FFE0618DE2ACC0014F30D /* Foundation.framework in Frameworks */,
			);
			runOnlyForDeploymentPostprocessing = 0;
		};
/* End PBXFrameworksBuildPhase section */

/* Begin PBXGroup section */
		313FFDDF18DE2ACC0014F30D = {
			isa = PBXGroup;
			children = (
				313FFDF118DE2ACC0014F30D /* ShoppingList */,
				313FFE0A18DE2ACC0014F30D /* ShoppingListTests */,
				313FFDEA18DE2ACC0014F30D /* Frameworks */,
				313FFDE918DE2ACC0014F30D /* Products */,
				31D522EB18EADFD4006F1CC7 /* itemsTab.png */,
				31D522ED18EAE037006F1CC7 /* shoplistTab.png */,
				3133C2A718F21AC3007EA4D6 /* mapTab.png */,
			);
			sourceTree = "<group>";
		};
		313FFDE918DE2ACC0014F30D /* Products */ = {
			isa = PBXGroup;
			children = (
				313FFDE818DE2ACC0014F30D /* ShoppingList.app */,
				313FFE0318DE2ACC0014F30D /* ShoppingListTests.xctest */,
			);
			name = Products;
			sourceTree = "<group>";
		};
		313FFDEA18DE2ACC0014F30D /* Frameworks */ = {
			isa = PBXGroup;
			children = (
				3140B4CB18F32E800011A237 /* CoreLocation.framework */,
				3140B4C918F32E780011A237 /* MapKit.framework */,
				313FFDEB18DE2ACC0014F30D /* Foundation.framework */,
				313FFDED18DE2ACC0014F30D /* CoreGraphics.framework */,
				313FFDEF18DE2ACC0014F30D /* UIKit.framework */,
				313FFE0418DE2ACC0014F30D /* XCTest.framework */,
			);
			name = Frameworks;
			sourceTree = "<group>";
		};
		313FFDF118DE2ACC0014F30D /* ShoppingList */ = {
			isa = PBXGroup;
			children = (
				313FFDFA18DE2ACC0014F30D /* SLAppDelegate.h */,
				313FFDFB18DE2ACC0014F30D /* SLAppDelegate.m */,
				3140B4BE18F32DC80011A237 /* SLMapViewController.h */,
				3140B4BF18F32DC80011A237 /* SLMapViewController.m */,
				3140B4C018F32DC80011A237 /* SLMapViewController.xib */,
				313FFE1A18DE2B190014F30D /* SLListViewController.h */,
				313FFE1B18DE2B190014F30D /* SLListViewController.m */,
				313FFE2C18DE5DD90014F30D /* SLShoppingListViewController.h */,
				313FFE2D18DE5DD90014F30D /* SLShoppingListViewController.m */,
				313FFE2218DE43090014F30D /* SLAddItemViewController.h */,
				313FFE2318DE43090014F30D /* SLAddItemViewController.m */,
				313FFE2418DE43090014F30D /* SLAddItemViewController.xib */,
				313FFE2718DE52030014F30D /* SLEditItemViewController.h */,
				313FFE2818DE52030014F30D /* SLEditItemViewController.m */,
				313FFE2918DE52030014F30D /* SLEditItemViewController.xib */,
				313FFE1D18DE2C420014F30D /* SLItem.h */,
				313FFE1E18DE2C420014F30D /* SLItem.m */,
				313FFDFD18DE2ACC0014F30D /* Images.xcassets */,
				313FFDF218DE2ACC0014F30D /* Supporting Files */,
			);
			path = ShoppingList;
			sourceTree = "<group>";
		};
		313FFDF218DE2ACC0014F30D /* Supporting Files */ = {
			isa = PBXGroup;
			children = (
				313FFDF318DE2ACC0014F30D /* ShoppingList-Info.plist */,
				313FFDF418DE2ACC0014F30D /* InfoPlist.strings */,
				313FFDF718DE2ACC0014F30D /* main.m */,
				313FFDF918DE2ACC0014F30D /* ShoppingList-Prefix.pch */,
			);
			name = "Supporting Files";
			sourceTree = "<group>";
		};
		313FFE0A18DE2ACC0014F30D /* ShoppingListTests */ = {
			isa = PBXGroup;
			children = (
				313FFE1018DE2ACC0014F30D /* ShoppingListTests.m */,
				313FFE0B18DE2ACC0014F30D /* Supporting Files */,
			);
			path = ShoppingListTests;
			sourceTree = "<group>";
		};
		313FFE0B18DE2ACC0014F30D /* Supporting Files */ = {
			isa = PBXGroup;
			children = (
				313FFE0C18DE2ACC0014F30D /* ShoppingListTests-Info.plist */,
				313FFE0D18DE2ACC0014F30D /* InfoPlist.strings */,
			);
			name = "Supporting Files";
			sourceTree = "<group>";
		};
/* End PBXGroup section */

/* Begin PBXNativeTarget section */
		313FFDE718DE2ACC0014F30D /* ShoppingList */ = {
			isa = PBXNativeTarget;
			buildConfigurationList = 313FFE1418DE2ACC0014F30D /* Build configuration list for PBXNativeTarget "ShoppingList" */;
			buildPhases = (
				313FFDE418DE2ACC0014F30D /* Sources */,
				313FFDE518DE2ACC0014F30D /* Frameworks */,
				313FFDE618DE2ACC0014F30D /* Resources */,
			);
			buildRules = (
			);
			dependencies = (
			);
			name = ShoppingList;
			productName = ShoppingList;
			productReference = 313FFDE818DE2ACC0014F30D /* ShoppingList.app */;
			productType = "com.apple.product-type.application";
		};
		313FFE0218DE2ACC0014F30D /* ShoppingListTests */ = {
			isa = PBXNativeTarget;
			buildConfigurationList = 313FFE1718DE2ACC0014F30D /* Build configuration list for PBXNativeTarget "ShoppingListTests" */;
			buildPhases = (
				313FFDFF18DE2ACC0014F30D /* Sources */,
				313FFE0018DE2ACC0014F30D /* Frameworks */,
				313FFE0118DE2ACC0014F30D /* Resources */,
			);
			buildRules = (
			);
			dependencies = (
				313FFE0918DE2ACC0014F30D /* PBXTargetDependency */,
			);
			name = ShoppingListTests;
			productName = ShoppingListTests;
			productReference = 313FFE0318DE2ACC0014F30D /* ShoppingListTests.xctest */;
			productType = "com.apple.product-type.bundle.unit-test";
		};
/* End PBXNativeTarget section */

/* Begin PBXProject section */
		313FFDE018DE2ACC0014F30D /* Project object */ = {
			isa = PBXProject;
			attributes = {
				CLASSPREFIX = SL;
				LastUpgradeCheck = 0510;
				ORGANIZATIONNAME = "Amanda Cohoon";
				TargetAttributes = {
					313FFE0218DE2ACC0014F30D = {
						TestTargetID = 313FFDE718DE2ACC0014F30D;
					};
				};
			};
			buildConfigurationList = 313FFDE318DE2ACC0014F30D /* Build configuration list for PBXProject "ShoppingList" */;
			compatibilityVersion = "Xcode 3.2";
			developmentRegion = English;
			hasScannedForEncodings = 0;
			knownRegions = (
				en,
			);
			mainGroup = 313FFDDF18DE2ACC0014F30D;
			productRefGroup = 313FFDE918DE2ACC0014F30D /* Products */;
			projectDirPath = "";
			projectRoot = "";
			targets = (
				313FFDE718DE2ACC0014F30D /* ShoppingList */,
				313FFE0218DE2ACC0014F30D /* ShoppingListTests */,
			);
		};
/* End PBXProject section */

/* Begin PBXResourcesBuildPhase section */
		313FFDE618DE2ACC0014F30D /* Resources */ = {
			isa = PBXResourcesBuildPhase;
			buildActionMask = 2147483647;
			files = (
				313FFDF618DE2ACC0014F30D /* InfoPlist.strings in Resources */,
				3133C2A818F21AC3007EA4D6 /* mapTab.png in Resources */,
				313FFE2B18DE52030014F30D /* SLEditItemViewController.xib in Resources */,
				313FFE2618DE43090014F30D /* SLAddItemViewController.xib in Resources */,
				3140B4C218F32DC80011A237 /* SLMapViewController.xib in Resources */,
				31D522EC18EADFD4006F1CC7 /* itemsTab.png in Resources */,
				313FFDFE18DE2ACC0014F30D /* Images.xcassets in Resources */,
				31D522EE18EAE037006F1CC7 /* shoplistTab.png in Resources */,
			);
			runOnlyForDeploymentPostprocessing = 0;
		};
		313FFE0118DE2ACC0014F30D /* Resources */ = {
			isa = PBXResourcesBuildPhase;
			buildActionMask = 2147483647;
			files = (
				313FFE0F18DE2ACC0014F30D /* InfoPlist.strings in Resources */,
			);
			runOnlyForDeploymentPostprocessing = 0;
		};
/* End PBXResourcesBuildPhase section */

/* Begin PBXSourcesBuildPhase section */
		313FFDE418DE2ACC0014F30D /* Sources */ = {
			isa = PBXSourcesBuildPhase;
			buildActionMask = 2147483647;
			files = (
				313FFE2A18DE52030014F30D /* SLEditItemViewController.m in Sources */,
				313FFE1C18DE2B190014F30D /* SLListViewController.m in Sources */,
				313FFDF818DE2ACC0014F30D /* main.m in Sources */,
				313FFE2E18DE5DD90014F30D /* SLShoppingListViewController.m in Sources */,
				3140B4C118F32DC80011A237 /* SLMapViewController.m in Sources */,
				313FFE1F18DE2C420014F30D /* SLItem.m in Sources */,
				313FFDFC18DE2ACC0014F30D /* SLAppDelegate.m in Sources */,
				313FFE2518DE43090014F30D /* SLAddItemViewController.m in Sources */,
			);
			runOnlyForDeploymentPostprocessing = 0;
		};
		313FFDFF18DE2ACC0014F30D /* Sources */ = {
			isa = PBXSourcesBuildPhase;
			buildActionMask = 2147483647;
			files = (
				313FFE1118DE2ACC0014F30D /* ShoppingListTests.m in Sources */,
			);
			runOnlyForDeploymentPostprocessing = 0;
		};
/* End PBXSourcesBuildPhase section */

/* Begin PBXTargetDependency section */
		313FFE0918DE2ACC0014F30D /* PBXTargetDependency */ = {
			isa = PBXTargetDependency;
			target = 313FFDE718DE2ACC0014F30D /* ShoppingList */;
			targetProxy = 313FFE0818DE2ACC0014F30D /* PBXContainerItemProxy */;
		};
/* End PBXTargetDependency section */

/* Begin PBXVariantGroup section */
		313FFDF418DE2ACC0014F30D /* InfoPlist.strings */ = {
			isa = PBXVariantGroup;
			children = (
				313FFDF518DE2ACC0014F30D /* en */,
			);
			name = InfoPlist.strings;
			sourceTree = "<group>";
		};
		313FFE0D18DE2ACC0014F30D /* InfoPlist.strings */ = {
			isa = PBXVariantGroup;
			children = (
				313FFE0E18DE2ACC0014F30D /* en */,
			);
			name = InfoPlist.strings;
			sourceTree = "<group>";
		};
/* End PBXVariantGroup section */

/* Begin XCBuildConfiguration section */
		313FFE1218DE2ACC0014F30D /* Debug */ = {
			isa = XCBuildConfiguration;
			buildSettings = {
				ALWAYS_SEARCH_USER_PATHS = NO;
				CLANG_CXX_LANGUAGE_STANDARD = "gnu++0x";
				CLANG_CXX_LIBRARY = "libc++";
				CLANG_ENABLE_MODULES = YES;
				CLANG_ENABLE_OBJC_ARC = YES;
				CLANG_WARN_BOOL_CONVERSION = YES;
				CLANG_WARN_CONSTANT_CONVERSION = YES;
				CLANG_WARN_DIRECT_OBJC_ISA_USAGE = YES_ERROR;
				CLANG_WARN_EMPTY_BODY = YES;
				CLANG_WARN_ENUM_CONVERSION = YES;
				CLANG_WARN_INT_CONVERSION = YES;
				CLANG_WARN_OBJC_ROOT_CLASS = YES_ERROR;
				CLANG_WARN__DUPLICATE_METHOD_MATCH = YES;
				"CODE_SIGN_IDENTITY[sdk=iphoneos*]" = "iPhone Developer";
				COPY_PHASE_STRIP = NO;
				GCC_C_LANGUAGE_STANDARD = gnu99;
				GCC_DYNAMIC_NO_PIC = NO;
				GCC_OPTIMIZATION_LEVEL = 0;
				GCC_PREPROCESSOR_DEFINITIONS = (
					"DEBUG=1",
					"$(inherited)",
				);
				GCC_SYMBOLS_PRIVATE_EXTERN = NO;
				GCC_WARN_64_TO_32_BIT_CONVERSION = YES;
				GCC_WARN_ABOUT_RETURN_TYPE = YES_ERROR;
				GCC_WARN_UNDECLARED_SELECTOR = YES;
				GCC_WARN_UNINITIALIZED_AUTOS = YES_AGGRESSIVE;
				GCC_WARN_UNUSED_FUNCTION = YES;
				GCC_WARN_UNUSED_VARIABLE = YES;
				IPHONEOS_DEPLOYMENT_TARGET = 7.1;
				ONLY_ACTIVE_ARCH = YES;
				SDKROOT = iphoneos;
			};
			name = Debug;
		};
		313FFE1318DE2ACC0014F30D /* Release */ = {
			isa = XCBuildConfiguration;
			buildSettings = {
				ALWAYS_SEARCH_USER_PATHS = NO;
				CLANG_CXX_LANGUAGE_STANDARD = "gnu++0x";
				CLANG_CXX_LIBRARY = "libc++";
				CLANG_ENABLE_MODULES = YES;
				CLANG_ENABLE_OBJC_ARC = YES;
				CLANG_WARN_BOOL_CONVERSION = YES;
				CLANG_WARN_CONSTANT_CONVERSION = YES;
				CLANG_WARN_DIRECT_OBJC_ISA_USAGE = YES_ERROR;
				CLANG_WARN_EMPTY_BODY = YES;
				CLANG_WARN_ENUM_CONVERSION = YES;
				CLANG_WARN_INT_CONVERSION = YES;
				CLANG_WARN_OBJC_ROOT_CLASS = YES_ERROR;
				CLANG_WARN__DUPLICATE_METHOD_MATCH = YES;
				"CODE_SIGN_IDENTITY[sdk=iphoneos*]" = "iPhone Developer";
				COPY_PHASE_STRIP = YES;
				ENABLE_NS_ASSERTIONS = NO;
				GCC_C_LANGUAGE_STANDARD = gnu99;
				GCC_WARN_64_TO_32_BIT_CONVERSION = YES;
				GCC_WARN_ABOUT_RETURN_TYPE = YES_ERROR;
				GCC_WARN_UNDECLARED_SELECTOR = YES;
				GCC_WARN_UNINITIALIZED_AUTOS = YES_AGGRESSIVE;
				GCC_WARN_UNUSED_FUNCTION = YES;
				GCC_WARN_UNUSED_VARIABLE = YES;
				IPHONEOS_DEPLOYMENT_TARGET = 7.1;
				SDKROOT = iphoneos;
				VALIDATE_PRODUCT = YES;
			};
			name = Release;
		};
		313FFE1518DE2ACC0014F30D /* Debug */ = {
			isa = XCBuildConfiguration;
			buildSettings = {
				ASSETCATALOG_COMPILER_APPICON_NAME = AppIcon;
				ASSETCATALOG_COMPILER_LAUNCHIMAGE_NAME = LaunchImage;
				CLANG_ENABLE_OBJC_ARC = YES;
				GCC_PRECOMPILE_PREFIX_HEADER = YES;
				GCC_PREFIX_HEADER = "ShoppingList/ShoppingList-Prefix.pch";
				INFOPLIST_FILE = "ShoppingList/ShoppingList-Info.plist";
				PRODUCT_NAME = "$(TARGET_NAME)";
				WRAPPER_EXTENSION = app;
			};
			name = Debug;
		};
		313FFE1618DE2ACC0014F30D /* Release */ = {
			isa = XCBuildConfiguration;
			buildSettings = {
				ASSETCATALOG_COMPILER_APPICON_NAME = AppIcon;
				ASSETCATALOG_COMPILER_LAUNCHIMAGE_NAME = LaunchImage;
				CLANG_ENABLE_OBJC_ARC = YES;
				GCC_PRECOMPILE_PREFIX_HEADER = YES;
				GCC_PREFIX_HEADER = "ShoppingList/ShoppingList-Prefix.pch";
				INFOPLIST_FILE = "ShoppingList/ShoppingList-Info.plist";
				PRODUCT_NAME = "$(TARGET_NAME)";
				WRAPPER_EXTENSION = app;
			};
			name = Release;
		};
		313FFE1818DE2ACC0014F30D /* Debug */ = {
			isa = XCBuildConfiguration;
			buildSettings = {
				BUNDLE_LOADER = "$(BUILT_PRODUCTS_DIR)/ShoppingList.app/ShoppingList";
				FRAMEWORK_SEARCH_PATHS = (
					"$(SDKROOT)/Developer/Library/Frameworks",
					"$(inherited)",
					"$(DEVELOPER_FRAMEWORKS_DIR)",
				);
				GCC_PRECOMPILE_PREFIX_HEADER = YES;
				GCC_PREFIX_HEADER = "ShoppingList/ShoppingList-Prefix.pch";
				GCC_PREPROCESSOR_DEFINITIONS = (
					"DEBUG=1",
					"$(inherited)",
				);
				INFOPLIST_FILE = "ShoppingListTests/ShoppingListTests-Info.plist";
				PRODUCT_NAME = "$(TARGET_NAME)";
				TEST_HOST = "$(BUNDLE_LOADER)";
				WRAPPER_EXTENSION = xctest;
			};
			name = Debug;
		};
		313FFE1918DE2ACC0014F30D /* Release */ = {
			isa = XCBuildConfiguration;
			buildSettings = {
				BUNDLE_LOADER = "$(BUILT_PRODUCTS_DIR)/ShoppingList.app/ShoppingList";
				FRAMEWORK_SEARCH_PATHS = (
					"$(SDKROOT)/Developer/Library/Frameworks",
					"$(inherited)",
					"$(DEVELOPER_FRAMEWORKS_DIR)",
				);
				GCC_PRECOMPILE_PREFIX_HEADER = YES;
				GCC_PREFIX_HEADER = "ShoppingList/ShoppingList-Prefix.pch";
				INFOPLIST_FILE = "ShoppingListTests/ShoppingListTests-Info.plist";
				PRODUCT_NAME = "$(TARGET_NAME)";
				TEST_HOST = "$(BUNDLE_LOADER)";
				WRAPPER_EXTENSION = xctest;
			};
			name = Release;
		};
/* End XCBuildConfiguration section */

/* Begin XCConfigurationList section */
		313FFDE318DE2ACC0014F30D /* Build configuration list for PBXProject "ShoppingList" */ = {
			isa = XCConfigurationList;
			buildConfigurations = (
				313FFE1218DE2ACC0014F30D /* Debug */,
				313FFE1318DE2ACC0014F30D /* Release */,
			);
			defaultConfigurationIsVisible = 0;
			defaultConfigurationName = Release;
		};
		313FFE1418DE2ACC0014F30D /* Build configuration list for PBXNativeTarget "ShoppingList" */ = {
			isa = XCConfigurationList;
			buildConfigurations = (
				313FFE1518DE2ACC0014F30D /* Debug */,
				313FFE1618DE2ACC0014F30D /* Release */,
			);
			defaultConfigurationIsVisible = 0;
			defaultConfigurationName = Release;
		};
		313FFE1718DE2ACC0014F30D /* Build configuration list for PBXNativeTarget "ShoppingListTests" */ = {
			isa = XCConfigurationList;
			buildConfigurations = (
				313FFE1818DE2ACC0014F30D /* Debug */,
				313FFE1918DE2ACC0014F30D /* Release */,
			);
			defaultConfigurationIsVisible = 0;
			defaultConfigurationName = Release;
		};
/* End XCConfigurationList section */
	};
	rootObject = 313FFDE018DE2ACC0014F30D /* Project object */;
}
